
Microsoft Visual Studio Solution File, Format Version 12.00
# Visual Studio Version 16
VisualStudioVersion = 16.0.29509.3
MinimumVisualStudioVersion = 10.0.40219.1
Project("{FAE04EC0-301F-11D3-BF4B-00C04F79EFBC}") = "RunJavascript", "RunJavascript\RunJavascript.csproj", "{48719652-5C89-4647-A325-B174849B1BD4}"
EndProject
Global
	GlobalSection(SolutionConfigurationPlatforms) = preSolution
		Debug|Any CPU = Debug|Any CPU
		Release|Any CPU = Release|Any CPU
	EndGlobalSection
	GlobalSection(ProjectConfigurationPlatforms) = postSolution
		{48719652-5C89-4647-A325-B174849B1BD4}.Debug|Any CPU.ActiveCfg = Debug|Any CPU
		{48719652-5C89-4647-A325-B174849B1BD4}.Debug|Any CPU.Build.0 = Debug|Any CPU
		{48719652-5C89-4647-A325-B174849B1BD4}.Release|Any CPU.ActiveCfg = Release|Any CPU
		{48719652-5C89-4647-A325-B174849B1BD4}.Release|Any CPU.Build.0 = Release|Any CPU
	EndGlobalSection
	GlobalSection(SolutionProperties) = preSolution
		HideSolutionNode = FALSE
	EndGlobalSection
	GlobalSection(ExtensibilityGlobals) = postSolution
		SolutionGuid = {D53CB3DC-230C-447F-818D-1B591CED604C}
	EndGlobalSection
EndGlobal
